{
  "name": "crosspoint-cli",
  "lockfileVersion": 3,
  "requires": true,
  "packages": {
    "": {
      "dependencies": {
        "matilda": "^0.0.2"
      }
    },
    "node_modules/matilda": {
      "version": "0.0.2",
      "resolved": "https://registry.npmjs.org/matilda/-/matilda-0.0.2.tgz",
      "integrity": "sha512-7Bjfx3cd+c82cvlkKG4UhzQrCHU4/0wyHtOgqU0z6IQ+BtkDqloh5xmYedoZ7Pal2f6M7qqou7T8m0foG7OEMg==",
      "license": "MIT"
    }
  }
}
